// !$*UTF8*$!
{
	archiveVersion = 1;
	classes = {
	};
	objectVersion = 56;
	objects = {

/* Begin PBXBuildFile section */
		91477A722BC10DE800C75B59 /* Project_6_TranslatorApp.swift in Sources */ = {isa = PBXBuildFile; fileRef = 91477A712BC10DE800C75B59 /* Project_6_TranslatorApp.swift */; };
		91477A742BC10DE800C75B59 /* ContentView.swift in Sources */ = {isa = PBXBuildFile; fileRef = 91477A732BC10DE800C75B59 /* ContentView.swift */; };
		91477A762BC10DEA00C75B59 /* Assets.xcassets in Resources */ = {isa = PBXBuildFile; fileRef = 91477A752BC10DEA00C75B59 /* Assets.xcassets */; };
		91477A792BC10DEA00C75B59 /* Preview Assets.xcassets in Resources */ = {isa = PBXBuildFile; fileRef = 91477A782BC10DEA00C75B59 /* Preview Assets.xcassets */; };
		91477A802BC10FE000C75B59 /* GoogleService-Info.plist in Resources */ = {isa = PBXBuildFile; fileRef = 91477A7F2BC10FE000C75B59 /* GoogleService-Info.plist */; };
		91477A832BC1102300C75B59 /* FirebaseAnalytics in Frameworks */ = {isa = PBXBuildFile; productRef = 91477A822BC1102300C75B59 /* FirebaseAnalytics */; };
		91477A852BC1102300C75B59 /* FirebaseAnalyticsOnDeviceConversion in Frameworks */ = {isa = PBXBuildFile; productRef = 91477A842BC1102300C75B59 /* FirebaseAnalyticsOnDeviceConversion */; };
		91477A872BC1102300C75B59 /* FirebaseAnalyticsSwift in Frameworks */ = {isa = PBXBuildFile; productRef = 91477A862BC1102300C75B59 /* FirebaseAnalyticsSwift */; };
		91477A892BC1102300C75B59 /* FirebaseAnalyticsWithoutAdIdSupport in Frameworks */ = {isa = PBXBuildFile; productRef = 91477A882BC1102300C75B59 /* FirebaseAnalyticsWithoutAdIdSupport */; };
		91477A8B2BC1102300C75B59 /* FirebaseAppCheck in Frameworks */ = {isa = PBXBuildFile; productRef = 91477A8A2BC1102300C75B59 /* FirebaseAppCheck */; };
		91477A8D2BC116A500C75B59 /* TranslationResponse.swift in Sources */ = {isa = PBXBuildFile; fileRef = 91477A8C2BC116A500C75B59 /* TranslationResponse.swift */; };
		91477A8F2BC11E8200C75B59 /* TranslateHistoryView.swift in Sources */ = {isa = PBXBuildFile; fileRef = 91477A8E2BC11E8200C75B59 /* TranslateHistoryView.swift */; };
		91477A912BC1869200C75B59 /* TranslationManager.swift in Sources */ = {isa = PBXBuildFile; fileRef = 91477A902BC1869200C75B59 /* TranslationManager.swift */; };
		91477A942BC1879700C75B59 /* FirebaseFirestore in Frameworks */ = {isa = PBXBuildFile; productRef = 91477A932BC1879700C75B59 /* FirebaseFirestore */; };
		91477A962BC1879C00C75B59 /* FirebaseFirestoreSwift in Frameworks */ = {isa = PBXBuildFile; productRef = 91477A952BC1879C00C75B59 /* FirebaseFirestoreSwift */; };
		91477A982BC187A000C75B59 /* FirebaseAuth in Frameworks */ = {isa = PBXBuildFile; productRef = 91477A972BC187A000C75B59 /* FirebaseAuth */; };
/* End PBXBuildFile section */

/* Begin PBXFileReference section */
		91477A6E2BC10DE800C75B59 /* Project_6_Translator.app */ = {isa = PBXFileReference; explicitFileType = wrapper.application; includeInIndex = 0; path = Project_6_Translator.app; sourceTree = BUILT_PRODUCTS_DIR; };
		91477A712BC10DE800C75B59 /* Project_6_TranslatorApp.swift */ = {isa = PBXFileReference; lastKnownFileType = sourcecode.swift; path = Project_6_TranslatorApp.swift; sourceTree = "<group>"; };
		91477A732BC10DE800C75B59 /* ContentView.swift */ = {isa = PBXFileReference; lastKnownFileType = sourcecode.swift; path = ContentView.swift; sourceTree = "<group>"; };
		91477A752BC10DEA00C75B59 /* Assets.xcassets */ = {isa = PBXFileReference; lastKnownFileType = folder.assetcatalog; path = Assets.xcassets; sourceTree = "<group>"; };
		91477A782BC10DEA00C75B59 /* Preview Assets.xcassets */ = {isa = PBXFileReference; lastKnownFileType = folder.assetcatalog; path = "Preview Assets.xcassets"; sourceTree = "<group>"; };
		91477A7F2BC10FE000C75B59 /* GoogleService-Info.plist */ = {isa = PBXFileReference; fileEncoding = 4; lastKnownFileType = text.plist.xml; name = "GoogleService-Info.plist"; path = "../../../Unit 5/GoogleService-Info.plist"; sourceTree = "<group>"; };
		91477A8C2BC116A500C75B59 /* TranslationResponse.swift */ = {isa = PBXFileReference; lastKnownFileType = sourcecode.swift; path = TranslationResponse.swift; sourceTree = "<group>"; };
		91477A8E2BC11E8200C75B59 /* TranslateHistoryView.swift */ = {isa = PBXFileReference; lastKnownFileType = sourcecode.swift; path = TranslateHistoryView.swift; sourceTree = "<group>"; };
		91477A902BC1869200C75B59 /* TranslationManager.swift */ = {isa = PBXFileReference; lastKnownFileType = sourcecode.swift; path = TranslationManager.swift; sourceTree = "<group>"; };
/* End PBXFileReference section */

/* Begin PBXFrameworksBuildPhase section */
		91477A6B2BC10DE800C75B59 /* Frameworks */ = {
			isa = PBXFrameworksBuildPhase;
			buildActionMask = 2147483647;
			files = (
				91477A872BC1102300C75B59 /* FirebaseAnalyticsSwift in Frameworks */,
				91477A832BC1102300C75B59 /* FirebaseAnalytics in Frameworks */,
				91477A852BC1102300C75B59 /* FirebaseAnalyticsOnDeviceConversion in Frameworks */,
				91477A962BC1879C00C75B59 /* FirebaseFirestoreSwift in Frameworks */,
				91477A8B2BC1102300C75B59 /* FirebaseAppCheck in Frameworks */,
				91477A892BC1102300C75B59 /* FirebaseAnalyticsWithoutAdIdSupport in Frameworks */,
				91477A942BC1879700C75B59 /* FirebaseFirestore in Frameworks */,
				91477A982BC187A000C75B59 /* FirebaseAuth in Frameworks */,
			);
			runOnlyForDeploymentPostprocessing = 0;
		};
/* End PBXFrameworksBuildPhase section */

/* Begin PBXGroup section */
		91477A652BC10DE800C75B59 = {
			isa = PBXGroup;
			children = (
				91477A702BC10DE800C75B59 /* Project_6_Translator */,
				91477A6F2BC10DE800C75B59 /* Products */,
				91477A922BC1879700C75B59 /* Frameworks */,
			);
			sourceTree = "<group>";
		};
		91477A6F2BC10DE800C75B59 /* Products */ = {
			isa = PBXGroup;
			children = (
				91477A6E2BC10DE800C75B59 /* Project_6_Translator.app */,
			);
			name = Products;
			sourceTree = "<group>";
		};
		91477A702BC10DE800C75B59 /* Project_6_Translator */ = {
			isa = PBXGroup;
			children = (
				91477A712BC10DE800C75B59 /* Project_6_TranslatorApp.swift */,
				91477A732BC10DE800C75B59 /* ContentView.swift */,
				91477A752BC10DEA00C75B59 /* Assets.xcassets */,
				91477A7F2BC10FE000C75B59 /* GoogleService-Info.plist */,
				91477A772BC10DEA00C75B59 /* Preview Content */,
				91477A8C2BC116A500C75B59 /* TranslationResponse.swift */,
				91477A8E2BC11E8200C75B59 /* TranslateHistoryView.swift */,
				91477A902BC1869200C75B59 /* TranslationManager.swift */,
			);
			path = Project_6_Translator;
			sourceTree = "<group>";
		};
		91477A772BC10DEA00C75B59 /* Preview Content */ = {
			isa = PBXGroup;
			children = (
				91477A782BC10DEA00C75B59 /* Preview Assets.xcassets */,
			);
			path = "Preview Content";
			sourceTree = "<group>";
		};
		91477A922BC1879700C75B59 /* Frameworks */ = {
			isa = PBXGroup;
			children = (
			);
			name = Frameworks;
			sourceTree = "<group>";
		};
/* End PBXGroup section */

/* Begin PBXNativeTarget section */
		91477A6D2BC10DE800C75B59 /* Project_6_Translator */ = {
			isa = PBXNativeTarget;
			buildConfigurationList = 91477A7C2BC10DEA00C75B59 /* Build configuration list for PBXNativeTarget "Project_6_Translator" */;
			buildPhases = (
				91477A6A2BC10DE800C75B59 /* Sources */,
				91477A6B2BC10DE800C75B59 /* Frameworks */,
				91477A6C2BC10DE800C75B59 /* Resources */,
			);
			buildRules = (
			);
			dependencies = (
			);
			name = Project_6_Translator;
			packageProductDependencies = (
				91477A822BC1102300C75B59 /* FirebaseAnalytics */,
				91477A842BC1102300C75B59 /* FirebaseAnalyticsOnDeviceConversion */,
				91477A862BC1102300C75B59 /* FirebaseAnalyticsSwift */,
				91477A882BC1102300C75B59 /* FirebaseAnalyticsWithoutAdIdSupport */,
				91477A8A2BC1102300C75B59 /* FirebaseAppCheck */,
				91477A932BC1879700C75B59 /* FirebaseFirestore */,
				91477A952BC1879C00C75B59 /* FirebaseFirestoreSwift */,
				91477A972BC187A000C75B59 /* FirebaseAuth */,
			);
			productName = Project_6_Translator;
			productReference = 91477A6E2BC10DE800C75B59 /* Project_6_Translator.app */;
			productType = "com.apple.product-type.application";
		};
/* End PBXNativeTarget section */

/* Begin PBXProject section */
		91477A662BC10DE800C75B59 /* Project object */ = {
			isa = PBXProject;
			attributes = {
				BuildIndependentTargetsInParallel = 1;
				LastSwiftUpdateCheck = 1520;
				LastUpgradeCheck = 1520;
				TargetAttributes = {
					91477A6D2BC10DE800C75B59 = {
						CreatedOnToolsVersion = 15.2;
					};
				};
			};
			buildConfigurationList = 91477A692BC10DE800C75B59 /* Build configuration list for PBXProject "Project_6_Translator" */;
			compatibilityVersion = "Xcode 14.0";
			developmentRegion = en;
			hasScannedForEncodings = 0;
			knownRegions = (
				en,
				Base,
			);
			mainGroup = 91477A652BC10DE800C75B59;
			packageReferences = (
				91477A812BC1102300C75B59 /* XCRemoteSwiftPackageReference "firebase-ios-sdk" */,
			);
			productRefGroup = 91477A6F2BC10DE800C75B59 /* Products */;
			projectDirPath = "";
			projectRoot = "";
			targets = (
				91477A6D2BC10DE800C75B59 /* Project_6_Translator */,
			);
		};
/* End PBXProject section */

/* Begin PBXResourcesBuildPhase section */
		91477A6C2BC10DE800C75B59 /* Resources */ = {
			isa = PBXResourcesBuildPhase;
			buildActionMask = 2147483647;
			files = (
				91477A792BC10DEA00C75B59 /* Preview Assets.xcassets in Resources */,
				91477A762BC10DEA00C75B59 /* Assets.xcassets in Resources */,
				91477A802BC10FE000C75B59 /* GoogleService-Info.plist in Resources */,
			);
			runOnlyForDeploymentPostprocessing = 0;
		};
/* End PBXResourcesBuildPhase section */

/* Begin PBXSourcesBuildPhase section */
		91477A6A2BC10DE800C75B59 /* Sources */ = {
			isa = PBXSourcesBuildPhase;
			buildActionMask = 2147483647;
			files = (
				91477A8F2BC11E8200C75B59 /* TranslateHistoryView.swift in Sources */,
				91477A742BC10DE800C75B59 /* ContentView.swift in Sources */,
				91477A912BC1869200C75B59 /* TranslationManager.swift in Sources */,
				91477A8D2BC116A500C75B59 /* TranslationResponse.swift in Sources */,
				91477A722BC10DE800C75B59 /* Project_6_TranslatorApp.swift in Sources */,
			);
			runOnlyForDeploymentPostprocessing = 0;
		};
/* End PBXSourcesBuildPhase section */

/* Begin XCBuildConfiguration section */
		91477A7A2BC10DEA00C75B59 /* Debug */ = {
			isa = XCBuildConfiguration;
			buildSettings = {
				ALWAYS_SEARCH_USER_PATHS = NO;
				ASSETCATALOG_COMPILER_GENERATE_SWIFT_ASSET_SYMBOL_EXTENSIONS = YES;
				CLANG_ANALYZER_NONNULL = YES;
				CLANG_ANALYZER_NUMBER_OBJECT_CONVERSION = YES_AGGRESSIVE;
				CLANG_CXX_LANGUAGE_STANDARD = "gnu++20";
				CLANG_ENABLE_MODULES = YES;
				CLANG_ENABLE_OBJC_ARC = YES;
				CLANG_ENABLE_OBJC_WEAK = YES;
				CLANG_WARN_BLOCK_CAPTURE_AUTORELEASING = YES;
				CLANG_WARN_BOOL_CONVERSION = YES;
				CLANG_WARN_COMMA = YES;
				CLANG_WARN_CONSTANT_CONVERSION = YES;
				CLANG_WARN_DEPRECATED_OBJC_IMPLEMENTATIONS = YES;
				CLANG_WARN_DIRECT_OBJC_ISA_USAGE = YES_ERROR;
				CLANG_WARN_DOCUMENTATION_COMMENTS = YES;
				CLANG_WARN_EMPTY_BODY = YES;
				CLANG_WARN_ENUM_CONVERSION = YES;
				CLANG_WARN_INFINITE_RECURSION = YES;
				CLANG_WARN_INT_CONVERSION = YES;
				CLANG_WARN_NON_LITERAL_NULL_CONVERSION = YES;
				CLANG_WARN_OBJC_IMPLICIT_RETAIN_SELF = YES;
				CLANG_WARN_OBJC_LITERAL_CONVERSION = YES;
				CLANG_WARN_OBJC_ROOT_CLASS = YES_ERROR;
				CLANG_WARN_QUOTED_INCLUDE_IN_FRAMEWORK_HEADER = YES;
				CLANG_WARN_RANGE_LOOP_ANALYSIS = YES;
				CLANG_WARN_STRICT_PROTOTYPES = YES;
				CLANG_WARN_SUSPICIOUS_MOVE = YES;
				CLANG_WARN_UNGUARDED_AVAILABILITY = YES_AGGRESSIVE;
				CLANG_WARN_UNREACHABLE_CODE = YES;
				CLANG_WARN__DUPLICATE_METHOD_MATCH = YES;
				COPY_PHASE_STRIP = NO;
				DEBUG_INFORMATION_FORMAT = dwarf;
				ENABLE_STRICT_OBJC_MSGSEND = YES;
				ENABLE_TESTABILITY = YES;
				ENABLE_USER_SCRIPT_SANDBOXING = YES;
				GCC_C_LANGUAGE_STANDARD = gnu17;
				GCC_DYNAMIC_NO_PIC = NO;
				GCC_NO_COMMON_BLOCKS = YES;
				GCC_OPTIMIZATION_LEVEL = 0;
				GCC_PREPROCESSOR_DEFINITIONS = (
					"DEBUG=1",
					"$(inherited)",
				);
				GCC_WARN_64_TO_32_BIT_CONVERSION = YES;
				GCC_WARN_ABOUT_RETURN_TYPE = YES_ERROR;
				GCC_WARN_UNDECLARED_SELECTOR = YES;
				GCC_WARN_UNINITIALIZED_AUTOS = YES_AGGRESSIVE;
				GCC_WARN_UNUSED_FUNCTION = YES;
				GCC_WARN_UNUSED_VARIABLE = YES;
				IPHONEOS_DEPLOYMENT_TARGET = 17.2;
				LOCALIZATION_PREFERS_STRING_CATALOGS = YES;
				MTL_ENABLE_DEBUG_INFO = INCLUDE_SOURCE;
				MTL_FAST_MATH = YES;
				ONLY_ACTIVE_ARCH = YES;
				SDKROOT = iphoneos;
				SWIFT_ACTIVE_COMPILATION_CONDITIONS = "DEBUG $(inherited)";
				SWIFT_OPTIMIZATION_LEVEL = "-Onone";
			};
			name = Debug;
		};
		91477A7B2BC10DEA00C75B59 /* Release */ = {
			isa = XCBuildConfiguration;
			buildSettings = {
				ALWAYS_SEARCH_USER_PATHS = NO;
				ASSETCATALOG_COMPILER_GENERATE_SWIFT_ASSET_SYMBOL_EXTENSIONS = YES;
				CLANG_ANALYZER_NONNULL = YES;
				CLANG_ANALYZER_NUMBER_OBJECT_CONVERSION = YES_AGGRESSIVE;
				CLANG_CXX_LANGUAGE_STANDARD = "gnu++20";
				CLANG_ENABLE_MODULES = YES;
				CLANG_ENABLE_OBJC_ARC = YES;
				CLANG_ENABLE_OBJC_WEAK = YES;
				CLANG_WARN_BLOCK_CAPTURE_AUTORELEASING = YES;
				CLANG_WARN_BOOL_CONVERSION = YES;
				CLANG_WARN_COMMA = YES;
				CLANG_WARN_CONSTANT_CONVERSION = YES;
				CLANG_WARN_DEPRECATED_OBJC_IMPLEMENTATIONS = YES;
				CLANG_WARN_DIRECT_OBJC_ISA_USAGE = YES_ERROR;
				CLANG_WARN_DOCUMENTATION_COMMENTS = YES;
				CLANG_WARN_EMPTY_BODY = YES;
				CLANG_WARN_ENUM_CONVERSION = YES;
				CLANG_WARN_INFINITE_RECURSION = YES;
				CLANG_WARN_INT_CONVERSION = YES;
				CLANG_WARN_NON_LITERAL_NULL_CONVERSION = YES;
				CLANG_WARN_OBJC_IMPLICIT_RETAIN_SELF = YES;
				CLANG_WARN_OBJC_LITERAL_CONVERSION = YES;
				CLANG_WARN_OBJC_ROOT_CLASS = YES_ERROR;
				CLANG_WARN_QUOTED_INCLUDE_IN_FRAMEWORK_HEADER = YES;
				CLANG_WARN_RANGE_LOOP_ANALYSIS = YES;
				CLANG_WARN_STRICT_PROTOTYPES = YES;
				CLANG_WARN_SUSPICIOUS_MOVE = YES;
				CLANG_WARN_UNGUARDED_AVAILABILITY = YES_AGGRESSIVE;
				CLANG_WARN_UNREACHABLE_CODE = YES;
				CLANG_WARN__DUPLICATE_METHOD_MATCH = YES;
				COPY_PHASE_STRIP = NO;
				DEBUG_INFORMATION_FORMAT = "dwarf-with-dsym";
				ENABLE_NS_ASSERTIONS = NO;
				ENABLE_STRICT_OBJC_MSGSEND = YES;
				ENABLE_USER_SCRIPT_SANDBOXING = YES;
				GCC_C_LANGUAGE_STANDARD = gnu17;
				GCC_NO_COMMON_BLOCKS = YES;
				GCC_WARN_64_TO_32_BIT_CONVERSION = YES;
				GCC_WARN_ABOUT_RETURN_TYPE = YES_ERROR;
				GCC_WARN_UNDECLARED_SELECTOR = YES;
				GCC_WARN_UNINITIALIZED_AUTOS = YES_AGGRESSIVE;
				GCC_WARN_UNUSED_FUNCTION = YES;
				GCC_WARN_UNUSED_VARIABLE = YES;
				IPHONEOS_DEPLOYMENT_TARGET = 17.2;
				LOCALIZATION_PREFERS_STRING_CATALOGS = YES;
				MTL_ENABLE_DEBUG_INFO = NO;
				MTL_FAST_MATH = YES;
				SDKROOT = iphoneos;
				SWIFT_COMPILATION_MODE = wholemodule;
				VALIDATE_PRODUCT = YES;
			};
			name = Release;
		};
		91477A7D2BC10DEA00C75B59 /* Debug */ = {
			isa = XCBuildConfiguration;
			buildSettings = {
				ASSETCATALOG_COMPILER_APPICON_NAME = AppIcon;
				ASSETCATALOG_COMPILER_GLOBAL_ACCENT_COLOR_NAME = AccentColor;
				CODE_SIGN_STYLE = Automatic;
				CURRENT_PROJECT_VERSION = 1;
				DEVELOPMENT_ASSET_PATHS = "\"Project_6_Translator/Preview Content\"";
				ENABLE_PREVIEWS = YES;
				GENERATE_INFOPLIST_FILE = YES;
				INFOPLIST_KEY_UIApplicationSceneManifest_Generation = YES;
				INFOPLIST_KEY_UIApplicationSupportsIndirectInputEvents = YES;
				INFOPLIST_KEY_UILaunchScreen_Generation = YES;
				INFOPLIST_KEY_UISupportedInterfaceOrientations_iPad = "UIInterfaceOrientationPortrait UIInterfaceOrientationPortraitUpsideDown UIInterfaceOrientationLandscapeLeft UIInterfaceOrientationLandscapeRight";
				INFOPLIST_KEY_UISupportedInterfaceOrientations_iPhone = "UIInterfaceOrientationPortrait UIInterfaceOrientationLandscapeLeft UIInterfaceOrientationLandscapeRight";
				LD_RUNPATH_SEARCH_PATHS = (
					"$(inherited)",
					"@executable_path/Frameworks",
				);
				MARKETING_VERSION = 1.0;
				PRODUCT_BUNDLE_IDENTIFIER = "com.muskanmankikar.Project-6-Translator";
				PRODUCT_NAME = "$(TARGET_NAME)";
				SWIFT_EMIT_LOC_STRINGS = YES;
				SWIFT_VERSION = 5.0;
				TARGETED_DEVICE_FAMILY = "1,2";
			};
			name = Debug;
		};
		91477A7E2BC10DEA00C75B59 /* Release */ = {
			isa = XCBuildConfiguration;
			buildSettings = {
				ASSETCATALOG_COMPILER_APPICON_NAME = AppIcon;
				ASSETCATALOG_COMPILER_GLOBAL_ACCENT_COLOR_NAME = AccentColor;
				CODE_SIGN_STYLE = Automatic;
				CURRENT_PROJECT_VERSION = 1;
				DEVELOPMENT_ASSET_PATHS = "\"Project_6_Translator/Preview Content\"";
				ENABLE_PREVIEWS = YES;
				GENERATE_INFOPLIST_FILE = YES;
				INFOPLIST_KEY_UIApplicationSceneManifest_Generation = YES;
				INFOPLIST_KEY_UIApplicationSupportsIndirectInputEvents = YES;
				INFOPLIST_KEY_UILaunchScreen_Generation = YES;
				INFOPLIST_KEY_UISupportedInterfaceOrientations_iPad = "UIInterfaceOrientationPortrait UIInterfaceOrientationPortraitUpsideDown UIInterfaceOrientationLandscapeLeft UIInterfaceOrientationLandscapeRight";
				INFOPLIST_KEY_UISupportedInterfaceOrientations_iPhone = "UIInterfaceOrientationPortrait UIInterfaceOrientationLandscapeLeft UIInterfaceOrientationLandscapeRight";
				LD_RUNPATH_SEARCH_PATHS = (
					"$(inherited)",
					"@executable_path/Frameworks",
				);
				MARKETING_VERSION = 1.0;
				PRODUCT_BUNDLE_IDENTIFIER = "com.muskanmankikar.Project-6-Translator";
				PRODUCT_NAME = "$(TARGET_NAME)";
				SWIFT_EMIT_LOC_STRINGS = YES;
				SWIFT_VERSION = 5.0;
				TARGETED_DEVICE_FAMILY = "1,2";
			};
			name = Release;
		};
/* End XCBuildConfiguration section */

/* Begin XCConfigurationList section */
		91477A692BC10DE800C75B59 /* Build configuration list for PBXProject "Project_6_Translator" */ = {
			isa = XCConfigurationList;
			buildConfigurations = (
				91477A7A2BC10DEA00C75B59 /* Debug */,
				91477A7B2BC10DEA00C75B59 /* Release */,
			);
			defaultConfigurationIsVisible = 0;
			defaultConfigurationName = Release;
		};
		91477A7C2BC10DEA00C75B59 /* Build configuration list for PBXNativeTarget "Project_6_Translator" */ = {
			isa = XCConfigurationList;
			buildConfigurations = (
				91477A7D2BC10DEA00C75B59 /* Debug */,
				91477A7E2BC10DEA00C75B59 /* Release */,
			);
			defaultConfigurationIsVisible = 0;
			defaultConfigurationName = Release;
		};
/* End XCConfigurationList section */

/* Begin XCRemoteSwiftPackageReference section */
		91477A812BC1102300C75B59 /* XCRemoteSwiftPackageReference "firebase-ios-sdk" */ = {
			isa = XCRemoteSwiftPackageReference;
			repositoryURL = "https://github.com/firebase/firebase-ios-sdk.git";
			requirement = {
				kind = upToNextMajorVersion;
				minimumVersion = 10.23.1;
			};
		};
/* End XCRemoteSwiftPackageReference section */

/* Begin XCSwiftPackageProductDependency section */
		91477A822BC1102300C75B59 /* FirebaseAnalytics */ = {
			isa = XCSwiftPackageProductDependency;
			package = 91477A812BC1102300C75B59 /* XCRemoteSwiftPackageReference "firebase-ios-sdk" */;
			productName = FirebaseAnalytics;
		};
		91477A842BC1102300C75B59 /* FirebaseAnalyticsOnDeviceConversion */ = {
			isa = XCSwiftPackageProductDependency;
			package = 91477A812BC1102300C75B59 /* XCRemoteSwiftPackageReference "firebase-ios-sdk" */;
			productName = FirebaseAnalyticsOnDeviceConversion;
		};
		91477A862BC1102300C75B59 /* FirebaseAnalyticsSwift */ = {
			isa = XCSwiftPackageProductDependency;
			package = 91477A812BC1102300C75B59 /* XCRemoteSwiftPackageReference "firebase-ios-sdk" */;
			productName = FirebaseAnalyticsSwift;
		};
		91477A882BC1102300C75B59 /* FirebaseAnalyticsWithoutAdIdSupport */ = {
			isa = XCSwiftPackageProductDependency;
			package = 91477A812BC1102300C75B59 /* XCRemoteSwiftPackageReference "firebase-ios-sdk" */;
			productName = FirebaseAnalyticsWithoutAdIdSupport;
		};
		91477A8A2BC1102300C75B59 /* FirebaseAppCheck */ = {
			isa = XCSwiftPackageProductDependency;
			package = 91477A812BC1102300C75B59 /* XCRemoteSwiftPackageReference "firebase-ios-sdk" */;
			productName = FirebaseAppCheck;
		};
		91477A932BC1879700C75B59 /* FirebaseFirestore */ = {
			isa = XCSwiftPackageProductDependency;
			package = 91477A812BC1102300C75B59 /* XCRemoteSwiftPackageReference "firebase-ios-sdk" */;
			productName = FirebaseFirestore;
		};
		91477A952BC1879C00C75B59 /* FirebaseFirestoreSwift */ = {
			isa = XCSwiftPackageProductDependency;
			package = 91477A812BC1102300C75B59 /* XCRemoteSwiftPackageReference "firebase-ios-sdk" */;
			productName = FirebaseFirestoreSwift;
		};
		91477A972BC187A000C75B59 /* FirebaseAuth */ = {
			isa = XCSwiftPackageProductDependency;
			package = 91477A812BC1102300C75B59 /* XCRemoteSwiftPackageReference "firebase-ios-sdk" */;
			productName = FirebaseAuth;
		};
/* End XCSwiftPackageProductDependency section */
	};
	rootObject = 91477A662BC10DE800C75B59 /* Project object */;
}
